
Microsoft Visual Studio Solution File, Format Version 12.00
# Visual Studio Version 17
VisualStudioVersion = 17.4.33213.308
MinimumVisualStudioVersion = 10.0.40219.1
Project("{FAE04EC0-301F-11D3-BF4B-00C04F79EFBC}") = "MovingObjects", "MovingObjects\MovingObjects.csproj", "{35276D0E-F4CE-4CD9-BCD5-5178EDCA4EC9}"
EndProject
Global
	GlobalSection(SolutionConfigurationPlatforms) = preSolution
		Debug|Any CPU = Debug|Any CPU
		Release|Any CPU = Release|Any CPU
	EndGlobalSection
	GlobalSection(ProjectConfigurationPlatforms) = postSolution
		{35276D0E-F4CE-4CD9-BCD5-5178EDCA4EC9}.Debug|Any CPU.ActiveCfg = Debug|Any CPU
		{35276D0E-F4CE-4CD9-BCD5-5178EDCA4EC9}.Debug|Any CPU.Build.0 = Debug|Any CPU
		{35276D0E-F4CE-4CD9-BCD5-5178EDCA4EC9}.Release|Any CPU.ActiveCfg = Release|Any CPU
		{35276D0E-F4CE-4CD9-BCD5-5178EDCA4EC9}.Release|Any CPU.Build.0 = Release|Any CPU
	EndGlobalSection
	GlobalSection(SolutionProperties) = preSolution
		HideSolutionNode = FALSE
	EndGlobalSection
	GlobalSection(ExtensibilityGlobals) = postSolution
		SolutionGuid = {40331E2D-42B0-48B4-99BE-175249DC79CC}
	EndGlobalSection
EndGlobal
